{"is_source_file": false, "format": "", "description": "", "external_files": [], "external_methods": [], "published": [], "classes": [], "methods": [], "calls": [], "search-terms": [], "state": 2, "file_id": 2, "knowledge_revision": 22, "git_revision": "73f09e9e9646952eb4b1564822e0536a718c4702", "filename": "/home/kavia/workspace/code-generation/mindfulday-tracker-95037-95044/mindfulday_tracker/post_process_status.lock", "hash": "9c4ed7ef73e22b872b8055bec08b8979", "format-version": 4, "code-base-name": "default", "revision_history": [{"22": "73f09e9e9646952eb4b1564822e0536a718c4702"}]}